
Microsoft Visual Studio Solution File, Format Version 12.00
# Visual Studio Version 16
VisualStudioVersion = 16.0.28621.142
MinimumVisualStudioVersion = 10.0.40219.1
Project("{9A19103F-16F7-4668-BE54-9A1E7A4F7556}") = "Retsu.Models", "Retsu.Models\Retsu.Models.csproj", "{75F8A70E-E1A1-4C44-8CA1-832FD3135DDA}"
EndProject
Project("{9A19103F-16F7-4668-BE54-9A1E7A4F7556}") = "Retsu.Consumer", "Retsu.Consumer\Retsu.Consumer.csproj", "{59556471-4661-4846-977B-12510A754B70}"
EndProject
Project("{9A19103F-16F7-4668-BE54-9A1E7A4F7556}") = "Retsu.Publisher", "Retsu.Publisher\Retsu.Publisher.csproj", "{83DB3EAC-1E54-4280-B342-E9460E6784E7}"
EndProject
Project("{FAE04EC0-301F-11D3-BF4B-00C04F79EFBC}") = "Retsu.Publisher.RabbitMQ", "Retsu.Publisher.RabbitMQ\Retsu.Publisher.RabbitMQ.csproj", "{9747FDAA-D452-43FB-98A3-82EAFF1F82CF}"
EndProject
Global
	GlobalSection(SolutionConfigurationPlatforms) = preSolution
		Debug|Any CPU = Debug|Any CPU
		Debug|x64 = Debug|x64
		Debug|x86 = Debug|x86
		Release|Any CPU = Release|Any CPU
		Release|x64 = Release|x64
		Release|x86 = Release|x86
	EndGlobalSection
	GlobalSection(ProjectConfigurationPlatforms) = postSolution
		{75F8A70E-E1A1-4C44-8CA1-832FD3135DDA}.Debug|Any CPU.ActiveCfg = Debug|Any CPU
		{75F8A70E-E1A1-4C44-8CA1-832FD3135DDA}.Debug|Any CPU.Build.0 = Debug|Any CPU
		{75F8A70E-E1A1-4C44-8CA1-832FD3135DDA}.Debug|x64.ActiveCfg = Debug|Any CPU
		{75F8A70E-E1A1-4C44-8CA1-832FD3135DDA}.Debug|x64.Build.0 = Debug|Any CPU
		{75F8A70E-E1A1-4C44-8CA1-832FD3135DDA}.Debug|x86.ActiveCfg = Debug|Any CPU
		{75F8A70E-E1A1-4C44-8CA1-832FD3135DDA}.Debug|x86.Build.0 = Debug|Any CPU
		{75F8A70E-E1A1-4C44-8CA1-832FD3135DDA}.Release|Any CPU.ActiveCfg = Release|Any CPU
		{75F8A70E-E1A1-4C44-8CA1-832FD3135DDA}.Release|Any CPU.Build.0 = Release|Any CPU
		{75F8A70E-E1A1-4C44-8CA1-832FD3135DDA}.Release|x64.ActiveCfg = Release|Any CPU
		{75F8A70E-E1A1-4C44-8CA1-832FD3135DDA}.Release|x64.Build.0 = Release|Any CPU
		{75F8A70E-E1A1-4C44-8CA1-832FD3135DDA}.Release|x86.ActiveCfg = Release|Any CPU
		{75F8A70E-E1A1-4C44-8CA1-832FD3135DDA}.Release|x86.Build.0 = Release|Any CPU
		{59556471-4661-4846-977B-12510A754B70}.Debug|Any CPU.ActiveCfg = Debug|Any CPU
		{59556471-4661-4846-977B-12510A754B70}.Debug|Any CPU.Build.0 = Debug|Any CPU
		{59556471-4661-4846-977B-12510A754B70}.Debug|x64.ActiveCfg = Debug|Any CPU
		{59556471-4661-4846-977B-12510A754B70}.Debug|x64.Build.0 = Debug|Any CPU
		{59556471-4661-4846-977B-12510A754B70}.Debug|x86.ActiveCfg = Debug|Any CPU
		{59556471-4661-4846-977B-12510A754B70}.Debug|x86.Build.0 = Debug|Any CPU
		{59556471-4661-4846-977B-12510A754B70}.Release|Any CPU.ActiveCfg = Release|Any CPU
		{59556471-4661-4846-977B-12510A754B70}.Release|Any CPU.Build.0 = Release|Any CPU
		{59556471-4661-4846-977B-12510A754B70}.Release|x64.ActiveCfg = Release|Any CPU
		{59556471-4661-4846-977B-12510A754B70}.Release|x64.Build.0 = Release|Any CPU
		{59556471-4661-4846-977B-12510A754B70}.Release|x86.ActiveCfg = Release|Any CPU
		{59556471-4661-4846-977B-12510A754B70}.Release|x86.Build.0 = Release|Any CPU
		{83DB3EAC-1E54-4280-B342-E9460E6784E7}.Debug|Any CPU.ActiveCfg = Debug|Any CPU
		{83DB3EAC-1E54-4280-B342-E9460E6784E7}.Debug|Any CPU.Build.0 = Debug|Any CPU
		{83DB3EAC-1E54-4280-B342-E9460E6784E7}.Debug|x64.ActiveCfg = Debug|Any CPU
		{83DB3EAC-1E54-4280-B342-E9460E6784E7}.Debug|x64.Build.0 = Debug|Any CPU
		{83DB3EAC-1E54-4280-B342-E9460E6784E7}.Debug|x86.ActiveCfg = Debug|Any CPU
		{83DB3EAC-1E54-4280-B342-E9460E6784E7}.Debug|x86.Build.0 = Debug|Any CPU
		{83DB3EAC-1E54-4280-B342-E9460E6784E7}.Release|Any CPU.ActiveCfg = Release|Any CPU
		{83DB3EAC-1E54-4280-B342-E9460E6784E7}.Release|Any CPU.Build.0 = Release|Any CPU
		{83DB3EAC-1E54-4280-B342-E9460E6784E7}.Release|x64.ActiveCfg = Release|Any CPU
		{83DB3EAC-1E54-4280-B342-E9460E6784E7}.Release|x64.Build.0 = Release|Any CPU
		{83DB3EAC-1E54-4280-B342-E9460E6784E7}.Release|x86.ActiveCfg = Release|Any CPU
		{83DB3EAC-1E54-4280-B342-E9460E6784E7}.Release|x86.Build.0 = Release|Any CPU
		{9747FDAA-D452-43FB-98A3-82EAFF1F82CF}.Debug|Any CPU.ActiveCfg = Debug|Any CPU
		{9747FDAA-D452-43FB-98A3-82EAFF1F82CF}.Debug|Any CPU.Build.0 = Debug|Any CPU
		{9747FDAA-D452-43FB-98A3-82EAFF1F82CF}.Debug|x64.ActiveCfg = Debug|Any CPU
		{9747FDAA-D452-43FB-98A3-82EAFF1F82CF}.Debug|x64.Build.0 = Debug|Any CPU
		{9747FDAA-D452-43FB-98A3-82EAFF1F82CF}.Debug|x86.ActiveCfg = Debug|Any CPU
		{9747FDAA-D452-43FB-98A3-82EAFF1F82CF}.Debug|x86.Build.0 = Debug|Any CPU
		{9747FDAA-D452-43FB-98A3-82EAFF1F82CF}.Release|Any CPU.ActiveCfg = Release|Any CPU
		{9747FDAA-D452-43FB-98A3-82EAFF1F82CF}.Release|Any CPU.Build.0 = Release|Any CPU
		{9747FDAA-D452-43FB-98A3-82EAFF1F82CF}.Release|x64.ActiveCfg = Release|Any CPU
		{9747FDAA-D452-43FB-98A3-82EAFF1F82CF}.Release|x64.Build.0 = Release|Any CPU
		{9747FDAA-D452-43FB-98A3-82EAFF1F82CF}.Release|x86.ActiveCfg = Release|Any CPU
		{9747FDAA-D452-43FB-98A3-82EAFF1F82CF}.Release|x86.Build.0 = Release|Any CPU
	EndGlobalSection
	GlobalSection(SolutionProperties) = preSolution
		HideSolutionNode = FALSE
	EndGlobalSection
	GlobalSection(ExtensibilityGlobals) = postSolution
		SolutionGuid = {1A8A4B74-E089-41F8-B122-2E28B823D7A4}
	EndGlobalSection
EndGlobal
