
Microsoft Visual Studio Solution File, Format Version 12.00
# Visual Studio Version 16
VisualStudioVersion = 16.0.28621.142
MinimumVisualStudioVersion = 10.0.40219.1
Project("{9A19103F-16F7-4668-BE54-9A1E7A4F7556}") = "Retsu.Models", "Retsu.Models\Retsu.Models.csproj", "{75F8A70E-E1A1-4C44-8CA1-832FD3135DDA}"
EndProject
Project("{9A19103F-16F7-4668-BE54-9A1E7A4F7556}") = "Retsu.Consumer", "Retsu.Consumer\Retsu.Consumer.csproj", "{59556471-4661-4846-977B-12510A754B70}"
EndProject
Project("{9A19103F-16F7-4668-BE54-9A1E7A4F7556}") = "Retsu.Publisher", "Retsu.Publisher\Retsu.Publisher.csproj", "{83DB3EAC-1E54-4280-B342-E9460E6784E7}"
EndProject
Project("{9A19103F-16F7-4668-BE54-9A1E7A4F7556}") = "Miki.Discord.Gateway", "..\..\Miki.Discord\Miki.Discord.Gateway\Miki.Discord.Gateway.csproj", "{399A514B-27DD-47C0-90EE-52A40FD1FB5E}"
EndProject
Project("{9A19103F-16F7-4668-BE54-9A1E7A4F7556}") = "Miki.Discord.Rest", "..\..\Miki.Discord\Miki.Discord.Rest\Miki.Discord.Rest.csproj", "{8A7CD0C9-5355-40B2-A801-79D5FC84F5E8}"
EndProject
Project("{9A19103F-16F7-4668-BE54-9A1E7A4F7556}") = "Miki.Discord.Common", "..\..\Miki.Discord\Miki.Discord.Common\Miki.Discord.Common.csproj", "{045F4FA8-4DFA-4937-9D34-8A616C04CD73}"
EndProject
Project("{9A19103F-16F7-4668-BE54-9A1E7A4F7556}") = "Retsu.Test.Performance", "Retsu.Test.Performance\Retsu.Test.Performance.csproj", "{8D9A4DBA-DB2D-42F8-BF6A-F42A3B5A6AAB}"
EndProject
Project("{9A19103F-16F7-4668-BE54-9A1E7A4F7556}") = "Miki.Net.Websockets", "..\..\Miki.Net.WebSockets\Miki.Net.Websockets\Miki.Net.Websockets.csproj", "{02625893-7EA0-421C-B6ED-6CE0058CED32}"
EndProject
Project("{9A19103F-16F7-4668-BE54-9A1E7A4F7556}") = "Miki.Logging", "..\..\Miki.Logging\Miki.Logging\Miki.Logging.csproj", "{65A0C24E-917A-48BF-802A-2E03A4AA06F4}"
EndProject
Global
	GlobalSection(SolutionConfigurationPlatforms) = preSolution
		Debug|Any CPU = Debug|Any CPU
		Debug|x64 = Debug|x64
		Debug|x86 = Debug|x86
		Release|Any CPU = Release|Any CPU
		Release|x64 = Release|x64
		Release|x86 = Release|x86
	EndGlobalSection
	GlobalSection(ProjectConfigurationPlatforms) = postSolution
		{75F8A70E-E1A1-4C44-8CA1-832FD3135DDA}.Debug|Any CPU.ActiveCfg = Debug|Any CPU
		{75F8A70E-E1A1-4C44-8CA1-832FD3135DDA}.Debug|Any CPU.Build.0 = Debug|Any CPU
		{75F8A70E-E1A1-4C44-8CA1-832FD3135DDA}.Debug|x64.ActiveCfg = Debug|Any CPU
		{75F8A70E-E1A1-4C44-8CA1-832FD3135DDA}.Debug|x64.Build.0 = Debug|Any CPU
		{75F8A70E-E1A1-4C44-8CA1-832FD3135DDA}.Debug|x86.ActiveCfg = Debug|Any CPU
		{75F8A70E-E1A1-4C44-8CA1-832FD3135DDA}.Debug|x86.Build.0 = Debug|Any CPU
		{75F8A70E-E1A1-4C44-8CA1-832FD3135DDA}.Release|Any CPU.ActiveCfg = Release|Any CPU
		{75F8A70E-E1A1-4C44-8CA1-832FD3135DDA}.Release|Any CPU.Build.0 = Release|Any CPU
		{75F8A70E-E1A1-4C44-8CA1-832FD3135DDA}.Release|x64.ActiveCfg = Release|Any CPU
		{75F8A70E-E1A1-4C44-8CA1-832FD3135DDA}.Release|x64.Build.0 = Release|Any CPU
		{75F8A70E-E1A1-4C44-8CA1-832FD3135DDA}.Release|x86.ActiveCfg = Release|Any CPU
		{75F8A70E-E1A1-4C44-8CA1-832FD3135DDA}.Release|x86.Build.0 = Release|Any CPU
		{59556471-4661-4846-977B-12510A754B70}.Debug|Any CPU.ActiveCfg = Debug|Any CPU
		{59556471-4661-4846-977B-12510A754B70}.Debug|Any CPU.Build.0 = Debug|Any CPU
		{59556471-4661-4846-977B-12510A754B70}.Debug|x64.ActiveCfg = Debug|Any CPU
		{59556471-4661-4846-977B-12510A754B70}.Debug|x64.Build.0 = Debug|Any CPU
		{59556471-4661-4846-977B-12510A754B70}.Debug|x86.ActiveCfg = Debug|Any CPU
		{59556471-4661-4846-977B-12510A754B70}.Debug|x86.Build.0 = Debug|Any CPU
		{59556471-4661-4846-977B-12510A754B70}.Release|Any CPU.ActiveCfg = Release|Any CPU
		{59556471-4661-4846-977B-12510A754B70}.Release|Any CPU.Build.0 = Release|Any CPU
		{59556471-4661-4846-977B-12510A754B70}.Release|x64.ActiveCfg = Release|Any CPU
		{59556471-4661-4846-977B-12510A754B70}.Release|x64.Build.0 = Release|Any CPU
		{59556471-4661-4846-977B-12510A754B70}.Release|x86.ActiveCfg = Release|Any CPU
		{59556471-4661-4846-977B-12510A754B70}.Release|x86.Build.0 = Release|Any CPU
		{83DB3EAC-1E54-4280-B342-E9460E6784E7}.Debug|Any CPU.ActiveCfg = Debug|Any CPU
		{83DB3EAC-1E54-4280-B342-E9460E6784E7}.Debug|Any CPU.Build.0 = Debug|Any CPU
		{83DB3EAC-1E54-4280-B342-E9460E6784E7}.Debug|x64.ActiveCfg = Debug|Any CPU
		{83DB3EAC-1E54-4280-B342-E9460E6784E7}.Debug|x64.Build.0 = Debug|Any CPU
		{83DB3EAC-1E54-4280-B342-E9460E6784E7}.Debug|x86.ActiveCfg = Debug|Any CPU
		{83DB3EAC-1E54-4280-B342-E9460E6784E7}.Debug|x86.Build.0 = Debug|Any CPU
		{83DB3EAC-1E54-4280-B342-E9460E6784E7}.Release|Any CPU.ActiveCfg = Release|Any CPU
		{83DB3EAC-1E54-4280-B342-E9460E6784E7}.Release|Any CPU.Build.0 = Release|Any CPU
		{83DB3EAC-1E54-4280-B342-E9460E6784E7}.Release|x64.ActiveCfg = Release|Any CPU
		{83DB3EAC-1E54-4280-B342-E9460E6784E7}.Release|x64.Build.0 = Release|Any CPU
		{83DB3EAC-1E54-4280-B342-E9460E6784E7}.Release|x86.ActiveCfg = Release|Any CPU
		{83DB3EAC-1E54-4280-B342-E9460E6784E7}.Release|x86.Build.0 = Release|Any CPU
		{399A514B-27DD-47C0-90EE-52A40FD1FB5E}.Debug|Any CPU.ActiveCfg = Debug|Any CPU
		{399A514B-27DD-47C0-90EE-52A40FD1FB5E}.Debug|Any CPU.Build.0 = Debug|Any CPU
		{399A514B-27DD-47C0-90EE-52A40FD1FB5E}.Debug|x64.ActiveCfg = Debug|Any CPU
		{399A514B-27DD-47C0-90EE-52A40FD1FB5E}.Debug|x64.Build.0 = Debug|Any CPU
		{399A514B-27DD-47C0-90EE-52A40FD1FB5E}.Debug|x86.ActiveCfg = Debug|Any CPU
		{399A514B-27DD-47C0-90EE-52A40FD1FB5E}.Debug|x86.Build.0 = Debug|Any CPU
		{399A514B-27DD-47C0-90EE-52A40FD1FB5E}.Release|Any CPU.ActiveCfg = Release|Any CPU
		{399A514B-27DD-47C0-90EE-52A40FD1FB5E}.Release|Any CPU.Build.0 = Release|Any CPU
		{399A514B-27DD-47C0-90EE-52A40FD1FB5E}.Release|x64.ActiveCfg = Release|Any CPU
		{399A514B-27DD-47C0-90EE-52A40FD1FB5E}.Release|x64.Build.0 = Release|Any CPU
		{399A514B-27DD-47C0-90EE-52A40FD1FB5E}.Release|x86.ActiveCfg = Release|Any CPU
		{399A514B-27DD-47C0-90EE-52A40FD1FB5E}.Release|x86.Build.0 = Release|Any CPU
		{8A7CD0C9-5355-40B2-A801-79D5FC84F5E8}.Debug|Any CPU.ActiveCfg = Debug|Any CPU
		{8A7CD0C9-5355-40B2-A801-79D5FC84F5E8}.Debug|Any CPU.Build.0 = Debug|Any CPU
		{8A7CD0C9-5355-40B2-A801-79D5FC84F5E8}.Debug|x64.ActiveCfg = Debug|Any CPU
		{8A7CD0C9-5355-40B2-A801-79D5FC84F5E8}.Debug|x64.Build.0 = Debug|Any CPU
		{8A7CD0C9-5355-40B2-A801-79D5FC84F5E8}.Debug|x86.ActiveCfg = Debug|Any CPU
		{8A7CD0C9-5355-40B2-A801-79D5FC84F5E8}.Debug|x86.Build.0 = Debug|Any CPU
		{8A7CD0C9-5355-40B2-A801-79D5FC84F5E8}.Release|Any CPU.ActiveCfg = Release|Any CPU
		{8A7CD0C9-5355-40B2-A801-79D5FC84F5E8}.Release|Any CPU.Build.0 = Release|Any CPU
		{8A7CD0C9-5355-40B2-A801-79D5FC84F5E8}.Release|x64.ActiveCfg = Release|Any CPU
		{8A7CD0C9-5355-40B2-A801-79D5FC84F5E8}.Release|x64.Build.0 = Release|Any CPU
		{8A7CD0C9-5355-40B2-A801-79D5FC84F5E8}.Release|x86.ActiveCfg = Release|Any CPU
		{8A7CD0C9-5355-40B2-A801-79D5FC84F5E8}.Release|x86.Build.0 = Release|Any CPU
		{045F4FA8-4DFA-4937-9D34-8A616C04CD73}.Debug|Any CPU.ActiveCfg = Debug|Any CPU
		{045F4FA8-4DFA-4937-9D34-8A616C04CD73}.Debug|Any CPU.Build.0 = Debug|Any CPU
		{045F4FA8-4DFA-4937-9D34-8A616C04CD73}.Debug|x64.ActiveCfg = Debug|Any CPU
		{045F4FA8-4DFA-4937-9D34-8A616C04CD73}.Debug|x64.Build.0 = Debug|Any CPU
		{045F4FA8-4DFA-4937-9D34-8A616C04CD73}.Debug|x86.ActiveCfg = Debug|Any CPU
		{045F4FA8-4DFA-4937-9D34-8A616C04CD73}.Debug|x86.Build.0 = Debug|Any CPU
		{045F4FA8-4DFA-4937-9D34-8A616C04CD73}.Release|Any CPU.ActiveCfg = Release|Any CPU
		{045F4FA8-4DFA-4937-9D34-8A616C04CD73}.Release|Any CPU.Build.0 = Release|Any CPU
		{045F4FA8-4DFA-4937-9D34-8A616C04CD73}.Release|x64.ActiveCfg = Release|Any CPU
		{045F4FA8-4DFA-4937-9D34-8A616C04CD73}.Release|x64.Build.0 = Release|Any CPU
		{045F4FA8-4DFA-4937-9D34-8A616C04CD73}.Release|x86.ActiveCfg = Release|Any CPU
		{045F4FA8-4DFA-4937-9D34-8A616C04CD73}.Release|x86.Build.0 = Release|Any CPU
		{8D9A4DBA-DB2D-42F8-BF6A-F42A3B5A6AAB}.Debug|Any CPU.ActiveCfg = Debug|Any CPU
		{8D9A4DBA-DB2D-42F8-BF6A-F42A3B5A6AAB}.Debug|Any CPU.Build.0 = Debug|Any CPU
		{8D9A4DBA-DB2D-42F8-BF6A-F42A3B5A6AAB}.Debug|x64.ActiveCfg = Debug|Any CPU
		{8D9A4DBA-DB2D-42F8-BF6A-F42A3B5A6AAB}.Debug|x64.Build.0 = Debug|Any CPU
		{8D9A4DBA-DB2D-42F8-BF6A-F42A3B5A6AAB}.Debug|x86.ActiveCfg = Debug|Any CPU
		{8D9A4DBA-DB2D-42F8-BF6A-F42A3B5A6AAB}.Debug|x86.Build.0 = Debug|Any CPU
		{8D9A4DBA-DB2D-42F8-BF6A-F42A3B5A6AAB}.Release|Any CPU.ActiveCfg = Release|Any CPU
		{8D9A4DBA-DB2D-42F8-BF6A-F42A3B5A6AAB}.Release|Any CPU.Build.0 = Release|Any CPU
		{8D9A4DBA-DB2D-42F8-BF6A-F42A3B5A6AAB}.Release|x64.ActiveCfg = Release|Any CPU
		{8D9A4DBA-DB2D-42F8-BF6A-F42A3B5A6AAB}.Release|x64.Build.0 = Release|Any CPU
		{8D9A4DBA-DB2D-42F8-BF6A-F42A3B5A6AAB}.Release|x86.ActiveCfg = Release|Any CPU
		{8D9A4DBA-DB2D-42F8-BF6A-F42A3B5A6AAB}.Release|x86.Build.0 = Release|Any CPU
		{02625893-7EA0-421C-B6ED-6CE0058CED32}.Debug|Any CPU.ActiveCfg = Debug|Any CPU
		{02625893-7EA0-421C-B6ED-6CE0058CED32}.Debug|Any CPU.Build.0 = Debug|Any CPU
		{02625893-7EA0-421C-B6ED-6CE0058CED32}.Debug|x64.ActiveCfg = Debug|Any CPU
		{02625893-7EA0-421C-B6ED-6CE0058CED32}.Debug|x64.Build.0 = Debug|Any CPU
		{02625893-7EA0-421C-B6ED-6CE0058CED32}.Debug|x86.ActiveCfg = Debug|Any CPU
		{02625893-7EA0-421C-B6ED-6CE0058CED32}.Debug|x86.Build.0 = Debug|Any CPU
		{02625893-7EA0-421C-B6ED-6CE0058CED32}.Release|Any CPU.ActiveCfg = Release|Any CPU
		{02625893-7EA0-421C-B6ED-6CE0058CED32}.Release|Any CPU.Build.0 = Release|Any CPU
		{02625893-7EA0-421C-B6ED-6CE0058CED32}.Release|x64.ActiveCfg = Release|Any CPU
		{02625893-7EA0-421C-B6ED-6CE0058CED32}.Release|x64.Build.0 = Release|Any CPU
		{02625893-7EA0-421C-B6ED-6CE0058CED32}.Release|x86.ActiveCfg = Release|Any CPU
		{02625893-7EA0-421C-B6ED-6CE0058CED32}.Release|x86.Build.0 = Release|Any CPU
		{65A0C24E-917A-48BF-802A-2E03A4AA06F4}.Debug|Any CPU.ActiveCfg = Debug|Any CPU
		{65A0C24E-917A-48BF-802A-2E03A4AA06F4}.Debug|Any CPU.Build.0 = Debug|Any CPU
		{65A0C24E-917A-48BF-802A-2E03A4AA06F4}.Debug|x64.ActiveCfg = Debug|Any CPU
		{65A0C24E-917A-48BF-802A-2E03A4AA06F4}.Debug|x64.Build.0 = Debug|Any CPU
		{65A0C24E-917A-48BF-802A-2E03A4AA06F4}.Debug|x86.ActiveCfg = Debug|Any CPU
		{65A0C24E-917A-48BF-802A-2E03A4AA06F4}.Debug|x86.Build.0 = Debug|Any CPU
		{65A0C24E-917A-48BF-802A-2E03A4AA06F4}.Release|Any CPU.ActiveCfg = Release|Any CPU
		{65A0C24E-917A-48BF-802A-2E03A4AA06F4}.Release|Any CPU.Build.0 = Release|Any CPU
		{65A0C24E-917A-48BF-802A-2E03A4AA06F4}.Release|x64.ActiveCfg = Release|Any CPU
		{65A0C24E-917A-48BF-802A-2E03A4AA06F4}.Release|x64.Build.0 = Release|Any CPU
		{65A0C24E-917A-48BF-802A-2E03A4AA06F4}.Release|x86.ActiveCfg = Release|Any CPU
		{65A0C24E-917A-48BF-802A-2E03A4AA06F4}.Release|x86.Build.0 = Release|Any CPU
	EndGlobalSection
	GlobalSection(SolutionProperties) = preSolution
		HideSolutionNode = FALSE
	EndGlobalSection
	GlobalSection(ExtensibilityGlobals) = postSolution
		SolutionGuid = {1A8A4B74-E089-41F8-B122-2E28B823D7A4}
	EndGlobalSection
EndGlobal
